<?xml version="1.0" encoding="utf-8"?>
<Project ToolsVersion="4.0" xmlns="http://schemas.microsoft.com/developer/msbuild/2003">
  <ItemGroup>
    <ClCompile Include="ai.c" />
    <ClCompile Include="ai2.c" />
    <ClCompile Include="graphics.c" />
    <ClCompile Include="IO.c" />
    <ClCompile Include="logic.c" />
    <ClCompile Include="main.c" />
    <ClCompile Include="screens.c" />
    <ClCompile Include="menu.c" />
  </ItemGroup>
  <ItemGroup>
    <ClInclude Include="ai.h" />
    <ClInclude Include="graphics.h" />
    <ClInclude Include="IO.h" />
    <ClInclude Include="logic.h" />
    <ClInclude Include="menu.h" />
  </ItemGroup>
</Project>